
Microsoft Visual Studio Solution File, Format Version 11.00
# Visual C# Express 2010
Project("{FAE04EC0-301F-11D3-BF4B-00C04F79EFBC}") = "viper-reference-client", "systray\viper-reference-client.csproj", "{8DBBFA27-5DF1-4E8F-9C6E-4DD9D5EE7A98}"
EndProject
Global
	GlobalSection(SolutionConfigurationPlatforms) = preSolution
		Debug|x86 = Debug|x86
		Release|x86 = Release|x86
	EndGlobalSection
	GlobalSection(ProjectConfigurationPlatforms) = postSolution
		{8DBBFA27-5DF1-4E8F-9C6E-4DD9D5EE7A98}.Debug|x86.ActiveCfg = Debug|x86
		{8DBBFA27-5DF1-4E8F-9C6E-4DD9D5EE7A98}.Debug|x86.Build.0 = Debug|x86
		{8DBBFA27-5DF1-4E8F-9C6E-4DD9D5EE7A98}.Release|x86.ActiveCfg = Release|x86
		{8DBBFA27-5DF1-4E8F-9C6E-4DD9D5EE7A98}.Release|x86.Build.0 = Release|x86
	EndGlobalSection
	GlobalSection(SolutionProperties) = preSolution
		HideSolutionNode = FALSE
	EndGlobalSection
EndGlobal
